
Microsoft Visual Studio Solution File, Format Version 12.00
# Visual Studio Version 17
VisualStudioVersion = 17.13.35825.156 d17.13
MinimumVisualStudioVersion = 10.0.40219.1
Project("{FAE04EC0-301F-11D3-BF4B-00C04F79EFBC}") = "Dressify", "Dressify.API\Dressify.csproj", "{26DE510A-088D-4DA6-9340-9A8723F519BF}"
EndProject
Global
	GlobalSection(SolutionConfigurationPlatforms) = preSolution
		Debug|Any CPU = Debug|Any CPU
		Release|Any CPU = Release|Any CPU
	EndGlobalSection
	GlobalSection(ProjectConfigurationPlatforms) = postSolution
		{26DE510A-088D-4DA6-9340-9A8723F519BF}.Debug|Any CPU.ActiveCfg = Debug|Any CPU
		{26DE510A-088D-4DA6-9340-9A8723F519BF}.Debug|Any CPU.Build.0 = Debug|Any CPU
		{26DE510A-088D-4DA6-9340-9A8723F519BF}.Release|Any CPU.ActiveCfg = Release|Any CPU
		{26DE510A-088D-4DA6-9340-9A8723F519BF}.Release|Any CPU.Build.0 = Release|Any CPU
	EndGlobalSection
	GlobalSection(SolutionProperties) = preSolution
		HideSolutionNode = FALSE
	EndGlobalSection
	GlobalSection(ExtensibilityGlobals) = postSolution
		SolutionGuid = {519AF73B-2420-472B-9BE1-31A487C878B0}
	EndGlobalSection
EndGlobal
